
Microsoft Visual Studio Solution File, Format Version 12.00
# Visual Studio Version 16
VisualStudioVersion = 16.0.29324.140
MinimumVisualStudioVersion = 10.0.40219.1
Project("{FAE04EC0-301F-11D3-BF4B-00C04F79EFBC}") = "CoreAPI", "CoreAPI\CoreAPI.csproj", "{CFCE2F58-E68A-41A6-B28A-7AB380CA7BE9}"
EndProject
Global
	GlobalSection(SolutionConfigurationPlatforms) = preSolution
		Debug|Any CPU = Debug|Any CPU
		Release|Any CPU = Release|Any CPU
	EndGlobalSection
	GlobalSection(ProjectConfigurationPlatforms) = postSolution
		{CFCE2F58-E68A-41A6-B28A-7AB380CA7BE9}.Debug|Any CPU.ActiveCfg = Debug|Any CPU
		{CFCE2F58-E68A-41A6-B28A-7AB380CA7BE9}.Debug|Any CPU.Build.0 = Debug|Any CPU
		{CFCE2F58-E68A-41A6-B28A-7AB380CA7BE9}.Release|Any CPU.ActiveCfg = Release|Any CPU
		{CFCE2F58-E68A-41A6-B28A-7AB380CA7BE9}.Release|Any CPU.Build.0 = Release|Any CPU
	EndGlobalSection
	GlobalSection(SolutionProperties) = preSolution
		HideSolutionNode = FALSE
	EndGlobalSection
	GlobalSection(ExtensibilityGlobals) = postSolution
		SolutionGuid = {3A466082-B48D-4AFE-9825-E1952B0A2940}
	EndGlobalSection
EndGlobal
